
Microsoft Visual Studio Solution File, Format Version 12.00
# Visual Studio Version 16
VisualStudioVersion = 16.0.30907.101
MinimumVisualStudioVersion = 10.0.40219.1
Project("{9A19103F-16F7-4668-BE54-9A1E7A4F7556}") = "AutoAdminLib.TestWebApp", "AutoAdminLib.TestWebApp\AutoAdminLib.TestWebApp.csproj", "{BFED1ECA-1898-44DB-8FE8-7901FDB2D4F0}"
EndProject
Project("{FAE04EC0-301F-11D3-BF4B-00C04F79EFBC}") = "AutoAdminLib", "AutoAdminLib\AutoAdminLib.csproj", "{883083CA-FD2D-4EF1-93AB-DD9BED385AB3}"
EndProject
Project("{FAE04EC0-301F-11D3-BF4B-00C04F79EFBC}") = "AutoAdminLib.IntegrationTest", "AutoAdminLib.IntegrationTest\AutoAdminLib.IntegrationTest.csproj", "{C94312CD-D3B5-4E00-AAED-43EB9725E4B6}"
EndProject
Global
	GlobalSection(SolutionConfigurationPlatforms) = preSolution
		Debug|Any CPU = Debug|Any CPU
		Release|Any CPU = Release|Any CPU
	EndGlobalSection
	GlobalSection(ProjectConfigurationPlatforms) = postSolution
		{BFED1ECA-1898-44DB-8FE8-7901FDB2D4F0}.Debug|Any CPU.ActiveCfg = Debug|Any CPU
		{BFED1ECA-1898-44DB-8FE8-7901FDB2D4F0}.Debug|Any CPU.Build.0 = Debug|Any CPU
		{BFED1ECA-1898-44DB-8FE8-7901FDB2D4F0}.Release|Any CPU.ActiveCfg = Release|Any CPU
		{BFED1ECA-1898-44DB-8FE8-7901FDB2D4F0}.Release|Any CPU.Build.0 = Release|Any CPU
		{883083CA-FD2D-4EF1-93AB-DD9BED385AB3}.Debug|Any CPU.ActiveCfg = Debug|Any CPU
								{883083CA-FD2D-4EF1-93AB-DD9BED385AB3}.Debug|Any CPU.Build.0 = Debug|Any CPU
								{883083CA-FD2D-4EF1-93AB-DD9BED385AB3}.Release|Any CPU.ActiveCfg = Release|Any CPU
								{883083CA-FD2D-4EF1-93AB-DD9BED385AB3}.Release|Any CPU.Build.0 = Release|Any CPU
		{C94312CD-D3B5-4E00-AAED-43EB9725E4B6}.Debug|Any CPU.ActiveCfg = Debug|Any CPU
		{C94312CD-D3B5-4E00-AAED-43EB9725E4B6}.Debug|Any CPU.Build.0 = Debug|Any CPU
		{C94312CD-D3B5-4E00-AAED-43EB9725E4B6}.Release|Any CPU.ActiveCfg = Release|Any CPU
		{C94312CD-D3B5-4E00-AAED-43EB9725E4B6}.Release|Any CPU.Build.0 = Release|Any CPU
	EndGlobalSection
	GlobalSection(SolutionProperties) = preSolution
		HideSolutionNode = FALSE
	EndGlobalSection
	GlobalSection(ExtensibilityGlobals) = postSolution
		SolutionGuid = {42712C4D-B712-47AC-83CA-080C5AFDD3F2}
	EndGlobalSection
EndGlobal
